
Microsoft Visual Studio Solution File, Format Version 12.00
# Visual Studio 15
VisualStudioVersion = 15.0.27004.2006
MinimumVisualStudioVersion = 10.0.40219.1
Project("{8BC9CEB8-8B4A-11D0-8D11-00A0C91BC942}") = "A_MAS", "A_MAS\A_MAS.vcxproj", "{C5F80730-F44F-4478-BDAE-6634EFC2CA88}"
EndProject
Project("{8BC9CEB8-8B4A-11D0-8D11-00A0C91BC942}") = "A_BTN", "A_BTN\A_BTN.vcxproj", "{3B69E201-F49A-4040-9134-2C6B4B19CA67}"
EndProject
Project("{8BC9CEB8-8B4A-11D0-8D11-00A0C91BC942}") = "A_LED", "A_LED\A_LED.vcxproj", "{1BB718E1-E089-4569-8C23-A6135F4186EF}"
EndProject
Project("{8BC9CEB8-8B4A-11D0-8D11-00A0C91BC942}") = "A_LEG", "A_LEG\A_LEG.vcxproj", "{7698C73B-8302-48AC-9641-79388BA0B74D}"
EndProject
Project("{8BC9CEB8-8B4A-11D0-8D11-00A0C91BC942}") = "A_OCC", "A_OCC\A_OCC.vcxproj", "{F858D8C5-B01C-4373-80B4-C61743464A0A}"
EndProject
Project("{8BC9CEB8-8B4A-11D0-8D11-00A0C91BC942}") = "A_SWT", "A_SWT\A_SWT.vcxproj", "{552E4E31-694B-4985-8DC6-56F8049FEE3C}"
EndProject
Project("{8BC9CEB8-8B4A-11D0-8D11-00A0C91BC942}") = "A_SNS", "A_SNS\A_SNS.vcxproj", "{66390C52-998B-422D-9E54-84FC6AE84DDD}"
EndProject
Project("{8BC9CEB8-8B4A-11D0-8D11-00A0C91BC942}") = "Test_Train_Progress", "Test_Train_Progress\Test_Train_Progress.vcxproj", "{40B67525-3B8E-45C2-B9BF-A47BB7A5308B}"
EndProject
Project("{8BC9CEB8-8B4A-11D0-8D11-00A0C91BC942}") = "Populate_FRAM_Route_Reference", "Populate_FRAM_Route_Reference\Populate_FRAM_Route_Reference.vcxproj", "{61A74D39-F74D-49E9-A55F-71375CCBEED5}"
EndProject
Project("{2150E333-8FDC-42A3-9474-1A3956D46DE8}") = "Solution Items", "Solution Items", "{E1C96850-FE20-4894-9451-B525582482F9}"
	ProjectSection(SolutionItems) = preProject
		libraries\Display_2004\Display_2004.cpp = libraries\Display_2004\Display_2004.cpp
		libraries\Display_2004\Display_2004.h = libraries\Display_2004\Display_2004.h
		libraries\Message_RS485\Message_RS485.cpp = libraries\Message_RS485\Message_RS485.cpp
		libraries\Message_RS485\Message_RS485.h = libraries\Message_RS485\Message_RS485.h
		libraries\Message_SWT\Message_SWT.cpp = libraries\Message_SWT\Message_SWT.cpp
		libraries\Message_SWT\Message_SWT.h = libraries\Message_SWT\Message_SWT.h
		libraries\Train_Consts_Global\Train_Consts_Global.cpp = libraries\Train_Consts_Global\Train_Consts_Global.cpp
		libraries\Train_Consts_Global\Train_Consts_Global.h = libraries\Train_Consts_Global\Train_Consts_Global.h
	EndProjectSection
EndProject
Project("{8BC9CEB8-8B4A-11D0-8D11-00A0C91BC942}") = "test", "test\test.vcxproj", "{83A9AEF2-6E4F-4373-8DC4-BA1C2CD45D31}"
EndProject
Global
	GlobalSection(SolutionConfigurationPlatforms) = preSolution
		Debug|x86 = Debug|x86
		Release|x86 = Release|x86
	EndGlobalSection
	GlobalSection(ProjectConfigurationPlatforms) = postSolution
		{C5F80730-F44F-4478-BDAE-6634EFC2CA88}.Debug|x86.ActiveCfg = Release|Win32
		{C5F80730-F44F-4478-BDAE-6634EFC2CA88}.Debug|x86.Build.0 = Release|Win32
		{C5F80730-F44F-4478-BDAE-6634EFC2CA88}.Release|x86.ActiveCfg = Release|Win32
		{C5F80730-F44F-4478-BDAE-6634EFC2CA88}.Release|x86.Build.0 = Release|Win32
		{3B69E201-F49A-4040-9134-2C6B4B19CA67}.Debug|x86.ActiveCfg = Release|Win32
		{3B69E201-F49A-4040-9134-2C6B4B19CA67}.Debug|x86.Build.0 = Release|Win32
		{3B69E201-F49A-4040-9134-2C6B4B19CA67}.Release|x86.ActiveCfg = Release|Win32
		{3B69E201-F49A-4040-9134-2C6B4B19CA67}.Release|x86.Build.0 = Release|Win32
		{1BB718E1-E089-4569-8C23-A6135F4186EF}.Debug|x86.ActiveCfg = Release|Win32
		{1BB718E1-E089-4569-8C23-A6135F4186EF}.Debug|x86.Build.0 = Release|Win32
		{1BB718E1-E089-4569-8C23-A6135F4186EF}.Release|x86.ActiveCfg = Release|Win32
		{1BB718E1-E089-4569-8C23-A6135F4186EF}.Release|x86.Build.0 = Release|Win32
		{7698C73B-8302-48AC-9641-79388BA0B74D}.Debug|x86.ActiveCfg = Release|Win32
		{7698C73B-8302-48AC-9641-79388BA0B74D}.Debug|x86.Build.0 = Release|Win32
		{7698C73B-8302-48AC-9641-79388BA0B74D}.Release|x86.ActiveCfg = Release|Win32
		{7698C73B-8302-48AC-9641-79388BA0B74D}.Release|x86.Build.0 = Release|Win32
		{F858D8C5-B01C-4373-80B4-C61743464A0A}.Debug|x86.ActiveCfg = Release|Win32
		{F858D8C5-B01C-4373-80B4-C61743464A0A}.Debug|x86.Build.0 = Release|Win32
		{F858D8C5-B01C-4373-80B4-C61743464A0A}.Release|x86.ActiveCfg = Release|Win32
		{F858D8C5-B01C-4373-80B4-C61743464A0A}.Release|x86.Build.0 = Release|Win32
		{552E4E31-694B-4985-8DC6-56F8049FEE3C}.Debug|x86.ActiveCfg = Release|Win32
		{552E4E31-694B-4985-8DC6-56F8049FEE3C}.Debug|x86.Build.0 = Release|Win32
		{552E4E31-694B-4985-8DC6-56F8049FEE3C}.Release|x86.ActiveCfg = Release|Win32
		{552E4E31-694B-4985-8DC6-56F8049FEE3C}.Release|x86.Build.0 = Release|Win32
		{66390C52-998B-422D-9E54-84FC6AE84DDD}.Debug|x86.ActiveCfg = Release|Win32
		{66390C52-998B-422D-9E54-84FC6AE84DDD}.Debug|x86.Build.0 = Release|Win32
		{66390C52-998B-422D-9E54-84FC6AE84DDD}.Release|x86.ActiveCfg = Release|Win32
		{66390C52-998B-422D-9E54-84FC6AE84DDD}.Release|x86.Build.0 = Release|Win32
		{40B67525-3B8E-45C2-B9BF-A47BB7A5308B}.Debug|x86.ActiveCfg = Release|Win32
		{40B67525-3B8E-45C2-B9BF-A47BB7A5308B}.Debug|x86.Build.0 = Release|Win32
		{40B67525-3B8E-45C2-B9BF-A47BB7A5308B}.Release|x86.ActiveCfg = Release|Win32
		{40B67525-3B8E-45C2-B9BF-A47BB7A5308B}.Release|x86.Build.0 = Release|Win32
		{61A74D39-F74D-49E9-A55F-71375CCBEED5}.Debug|x86.ActiveCfg = Release|Win32
		{61A74D39-F74D-49E9-A55F-71375CCBEED5}.Debug|x86.Build.0 = Release|Win32
		{61A74D39-F74D-49E9-A55F-71375CCBEED5}.Release|x86.ActiveCfg = Release|Win32
		{61A74D39-F74D-49E9-A55F-71375CCBEED5}.Release|x86.Build.0 = Release|Win32
		{83A9AEF2-6E4F-4373-8DC4-BA1C2CD45D31}.Debug|x86.ActiveCfg = Debug|Win32
		{83A9AEF2-6E4F-4373-8DC4-BA1C2CD45D31}.Debug|x86.Build.0 = Debug|Win32
		{83A9AEF2-6E4F-4373-8DC4-BA1C2CD45D31}.Release|x86.ActiveCfg = Release|Win32
		{83A9AEF2-6E4F-4373-8DC4-BA1C2CD45D31}.Release|x86.Build.0 = Release|Win32
	EndGlobalSection
	GlobalSection(SolutionProperties) = preSolution
		HideSolutionNode = FALSE
	EndGlobalSection
	GlobalSection(ExtensibilityGlobals) = postSolution
		SolutionGuid = {FDAB6AE2-F36F-4931-9C93-A5CEB377DBA6}
	EndGlobalSection
EndGlobal
